
Microsoft Visual Studio Solution File, Format Version 12.00
# Visual Studio Version 16
VisualStudioVersion = 16.0.31229.75
MinimumVisualStudioVersion = 10.0.40219.1
Project("{FAE04EC0-301F-11D3-BF4B-00C04F79EFBC}") = "ConsoleMetrics", "ConsoleMetrics\ConsoleMetrics.csproj", "{5F1EAA20-A60C-46F5-8281-5D72C58C7E5F}"
EndProject
Global
	GlobalSection(SolutionConfigurationPlatforms) = preSolution
		Debug|Any CPU = Debug|Any CPU
		Release|Any CPU = Release|Any CPU
	EndGlobalSection
	GlobalSection(ProjectConfigurationPlatforms) = postSolution
		{5F1EAA20-A60C-46F5-8281-5D72C58C7E5F}.Debug|Any CPU.ActiveCfg = Debug|Any CPU
		{5F1EAA20-A60C-46F5-8281-5D72C58C7E5F}.Debug|Any CPU.Build.0 = Debug|Any CPU
		{5F1EAA20-A60C-46F5-8281-5D72C58C7E5F}.Release|Any CPU.ActiveCfg = Release|Any CPU
		{5F1EAA20-A60C-46F5-8281-5D72C58C7E5F}.Release|Any CPU.Build.0 = Release|Any CPU
	EndGlobalSection
	GlobalSection(SolutionProperties) = preSolution
		HideSolutionNode = FALSE
	EndGlobalSection
	GlobalSection(ExtensibilityGlobals) = postSolution
		SolutionGuid = {21769BE2-73E3-44C3-8113-9D8C047D0160}
	EndGlobalSection
EndGlobal
